
Microsoft Visual Studio Solution File, Format Version 12.00
# Visual Studio 15
VisualStudioVersion = 15.0.26730.16
MinimumVisualStudioVersion = 10.0.40219.1
Project("{8BC9CEB8-8B4A-11D0-8D11-00A0C91BC942}") = "Project1", "Project1\Project1.vcxproj", "{42EEF796-EC90-4D62-A334-C853D85C0CF6}"
EndProject
Global
	GlobalSection(SolutionConfigurationPlatforms) = preSolution
		Debug|x64 = Debug|x64
		Release|x64 = Release|x64
	EndGlobalSection
	GlobalSection(ProjectConfigurationPlatforms) = postSolution
		{42EEF796-EC90-4D62-A334-C853D85C0CF6}.Debug|x64.ActiveCfg = Debug|x64
		{42EEF796-EC90-4D62-A334-C853D85C0CF6}.Debug|x64.Build.0 = Debug|x64
		{42EEF796-EC90-4D62-A334-C853D85C0CF6}.Release|x64.ActiveCfg = Release|x64
		{42EEF796-EC90-4D62-A334-C853D85C0CF6}.Release|x64.Build.0 = Release|x64
	EndGlobalSection
	GlobalSection(SolutionProperties) = preSolution
		HideSolutionNode = FALSE
	EndGlobalSection
	GlobalSection(ExtensibilityGlobals) = postSolution
		SolutionGuid = {59939A4A-C484-48B9-9A96-F91126C5A142}
	EndGlobalSection
EndGlobal
